
Microsoft Visual Studio Solution File, Format Version 12.00
# Visual Studio 14
VisualStudioVersion = 14.0.25123.0
MinimumVisualStudioVersion = 10.0.40219.1
Project("{FAE04EC0-301F-11D3-BF4B-00C04F79EFBC}") = "SharpUtility.Core.Net45", "src\net45\SharpUtility.Core\SharpUtility.Core.Net45.csproj", "{9CFC6221-753E-4674-B0DA-B085D8DF82A5}"
EndProject
Project("{FAE04EC0-301F-11D3-BF4B-00C04F79EFBC}") = "SharpUtility.MEF", "src\net45\SharpUtility.MEF\SharpUtility.MEF.csproj", "{64DF1990-C4D3-456D-BB0E-EBFBCAA8A218}"
EndProject
Project("{2150E333-8FDC-42A3-9474-1A3956D46DE8}") = "src", "src", "{5A530614-F36B-42AD-8C67-2F9987C95729}"
	ProjectSection(SolutionItems) = preProject
		src\AssemblyInfo.Shared.cs = src\AssemblyInfo.Shared.cs
	EndProjectSection
EndProject
Project("{2150E333-8FDC-42A3-9474-1A3956D46DE8}") = "tests", "tests", "{F133496B-23D3-4A95-B516-BF981373A881}"
EndProject
Project("{2150E333-8FDC-42A3-9474-1A3956D46DE8}") = "net4", "net4", "{B6ADCAB7-BD3A-4498-B8CD-690CFFC925B3}"
EndProject
Project("{2150E333-8FDC-42A3-9474-1A3956D46DE8}") = "net45", "net45", "{0B1E3E3B-95AD-4427-9235-879A65DEE41F}"
EndProject
Project("{2150E333-8FDC-42A3-9474-1A3956D46DE8}") = "MEF", "MEF", "{1D789CB1-D87D-44BE-A9AA-EADAF1816A6B}"
EndProject
Project("{FAE04EC0-301F-11D3-BF4B-00C04F79EFBC}") = "SharpUtility.Core.Net45.Tests", "tests\SharpUtility.Core.Net45.Tests\SharpUtility.Core.Net45.Tests.csproj", "{28DAC5B1-A423-49F9-8640-BD8020953562}"
EndProject
Project("{FAE04EC0-301F-11D3-BF4B-00C04F79EFBC}") = "SharpUtility.WinForm.Net45", "src\net45\SharpUtility.WinForm.Net45\SharpUtility.WinForm.Net45.csproj", "{854D8526-8E8C-4A32-BC49-4D224EA9D2B7}"
EndProject
Project("{FAE04EC0-301F-11D3-BF4B-00C04F79EFBC}") = "SharpUtility.Runtime.Caching", "src\net45\SharpUtility.Runtime.Caching\SharpUtility.Runtime.Caching.csproj", "{8450FFD3-39AA-4139-9054-209928A72224}"
EndProject
Project("{FAE04EC0-301F-11D3-BF4B-00C04F79EFBC}") = "SharpUtility.GeckoFX", "src\net45\SharpUtility.GeckoFX\SharpUtility.GeckoFX.csproj", "{E8CCE684-0FB2-4B05-8FD3-2CF0A873D66A}"
EndProject
Project("{FAE04EC0-301F-11D3-BF4B-00C04F79EFBC}") = "SharpUtility.MEF.Tests", "tests\MEF\SharpUtility.MEF.Tests\SharpUtility.MEF.Tests.csproj", "{55704BF0-3ED6-4D2E-A2A5-59F4A487733D}"
EndProject
Project("{FAE04EC0-301F-11D3-BF4B-00C04F79EFBC}") = "MEFTestLib1", "tests\MEF\MEFTestLib1\MEFTestLib1.csproj", "{0C1ABF50-3854-44E4-AD2F-2D810F0751E4}"
EndProject
Project("{FAE04EC0-301F-11D3-BF4B-00C04F79EFBC}") = "MEFTestLib2", "tests\MEF\MEFTestLib2\MEFTestLib2.csproj", "{92DABE57-D761-45E9-B0AB-0E628FFD8D64}"
EndProject
Project("{FAE04EC0-301F-11D3-BF4B-00C04F79EFBC}") = "MEFTestLib1-v2", "tests\MEF\MEFTestLib1-v2\MEFTestLib1-v2.csproj", "{7B1D2D85-5046-40E7-84D2-58D7C32275E2}"
EndProject
Project("{FAE04EC0-301F-11D3-BF4B-00C04F79EFBC}") = "MEFInterface", "tests\MEF\MEFInterface\MEFInterface.csproj", "{2C4B62B9-9DCA-4DE7-9F9B-ED75C4C23B03}"
EndProject
Project("{FAE04EC0-301F-11D3-BF4B-00C04F79EFBC}") = "SharpUtility.Core.PCL", "src\net45\SharpUtility.Core.PCL\SharpUtility.Core.PCL.csproj", "{7988A1B1-8B54-40F3-9578-FBB46FA64DC2}"
EndProject
Project("{FAE04EC0-301F-11D3-BF4B-00C04F79EFBC}") = "SharpUtility.Mail", "src\net45\SharpUtility.Mail\SharpUtility.Mail.csproj", "{FCFE9441-61E0-45A4-8E5A-A2F8CD3AF441}"
EndProject
Project("{FAE04EC0-301F-11D3-BF4B-00C04F79EFBC}") = "MEFTestExe1", "tests\MEF\MEFTestExe1\MEFTestExe1.csproj", "{F8A061C2-2B60-4237-B479-C33702172BBA}"
EndProject
Project("{FAE04EC0-301F-11D3-BF4B-00C04F79EFBC}") = "SharpUtility.EntityFramework", "src\net45\SharpUtility.EntityFramework\SharpUtility.EntityFramework.csproj", "{0EA5D35C-28C7-4FAA-BE73-FC0F471C49E3}"
EndProject
Project("{FAE04EC0-301F-11D3-BF4B-00C04F79EFBC}") = "SharpUtility.EntityFramework.Tests", "tests\SharpUtility.EntityFramework.Tests\SharpUtility.EntityFramework.Tests.csproj", "{8EDF4429-251A-416D-BB68-93F227191BCF}"
EndProject
Project("{FAE04EC0-301F-11D3-BF4B-00C04F79EFBC}") = "SharpUtility.Win32API", "src\net45\SharpUtility.Win32API\SharpUtility.Win32API.csproj", "{E8F3B873-05BC-4961-A02D-AD1C025246E3}"
EndProject
Project("{FAE04EC0-301F-11D3-BF4B-00C04F79EFBC}") = "SharpUtility.InputSimulate", "src\net45\SharpUtility.InputSimulate\SharpUtility.InputSimulate.csproj", "{D0375FD1-CBC6-44E2-91ED-FA0BEA30DE9A}"
EndProject
Global
	GlobalSection(SolutionConfigurationPlatforms) = preSolution
		Debug|Any CPU = Debug|Any CPU
		Release|Any CPU = Release|Any CPU
	EndGlobalSection
	GlobalSection(ProjectConfigurationPlatforms) = postSolution
		{9CFC6221-753E-4674-B0DA-B085D8DF82A5}.Debug|Any CPU.ActiveCfg = Debug|Any CPU
		{9CFC6221-753E-4674-B0DA-B085D8DF82A5}.Debug|Any CPU.Build.0 = Debug|Any CPU
		{9CFC6221-753E-4674-B0DA-B085D8DF82A5}.Release|Any CPU.ActiveCfg = Release|Any CPU
		{9CFC6221-753E-4674-B0DA-B085D8DF82A5}.Release|Any CPU.Build.0 = Release|Any CPU
		{64DF1990-C4D3-456D-BB0E-EBFBCAA8A218}.Debug|Any CPU.ActiveCfg = Debug|Any CPU
		{64DF1990-C4D3-456D-BB0E-EBFBCAA8A218}.Debug|Any CPU.Build.0 = Debug|Any CPU
		{64DF1990-C4D3-456D-BB0E-EBFBCAA8A218}.Release|Any CPU.ActiveCfg = Release|Any CPU
		{64DF1990-C4D3-456D-BB0E-EBFBCAA8A218}.Release|Any CPU.Build.0 = Release|Any CPU
		{28DAC5B1-A423-49F9-8640-BD8020953562}.Debug|Any CPU.ActiveCfg = Debug|Any CPU
		{28DAC5B1-A423-49F9-8640-BD8020953562}.Debug|Any CPU.Build.0 = Debug|Any CPU
		{28DAC5B1-A423-49F9-8640-BD8020953562}.Release|Any CPU.ActiveCfg = Release|Any CPU
		{28DAC5B1-A423-49F9-8640-BD8020953562}.Release|Any CPU.Build.0 = Release|Any CPU
		{854D8526-8E8C-4A32-BC49-4D224EA9D2B7}.Debug|Any CPU.ActiveCfg = Debug|Any CPU
		{854D8526-8E8C-4A32-BC49-4D224EA9D2B7}.Debug|Any CPU.Build.0 = Debug|Any CPU
		{854D8526-8E8C-4A32-BC49-4D224EA9D2B7}.Release|Any CPU.ActiveCfg = Release|Any CPU
		{854D8526-8E8C-4A32-BC49-4D224EA9D2B7}.Release|Any CPU.Build.0 = Release|Any CPU
		{8450FFD3-39AA-4139-9054-209928A72224}.Debug|Any CPU.ActiveCfg = Debug|Any CPU
		{8450FFD3-39AA-4139-9054-209928A72224}.Debug|Any CPU.Build.0 = Debug|Any CPU
		{8450FFD3-39AA-4139-9054-209928A72224}.Release|Any CPU.ActiveCfg = Release|Any CPU
		{8450FFD3-39AA-4139-9054-209928A72224}.Release|Any CPU.Build.0 = Release|Any CPU
		{E8CCE684-0FB2-4B05-8FD3-2CF0A873D66A}.Debug|Any CPU.ActiveCfg = Debug|Any CPU
		{E8CCE684-0FB2-4B05-8FD3-2CF0A873D66A}.Debug|Any CPU.Build.0 = Debug|Any CPU
		{E8CCE684-0FB2-4B05-8FD3-2CF0A873D66A}.Release|Any CPU.ActiveCfg = Release|Any CPU
		{E8CCE684-0FB2-4B05-8FD3-2CF0A873D66A}.Release|Any CPU.Build.0 = Release|Any CPU
		{55704BF0-3ED6-4D2E-A2A5-59F4A487733D}.Debug|Any CPU.ActiveCfg = Debug|Any CPU
		{55704BF0-3ED6-4D2E-A2A5-59F4A487733D}.Debug|Any CPU.Build.0 = Debug|Any CPU
		{55704BF0-3ED6-4D2E-A2A5-59F4A487733D}.Release|Any CPU.ActiveCfg = Release|Any CPU
		{55704BF0-3ED6-4D2E-A2A5-59F4A487733D}.Release|Any CPU.Build.0 = Release|Any CPU
		{0C1ABF50-3854-44E4-AD2F-2D810F0751E4}.Debug|Any CPU.ActiveCfg = Debug|Any CPU
		{0C1ABF50-3854-44E4-AD2F-2D810F0751E4}.Debug|Any CPU.Build.0 = Debug|Any CPU
		{0C1ABF50-3854-44E4-AD2F-2D810F0751E4}.Release|Any CPU.ActiveCfg = Release|Any CPU
		{0C1ABF50-3854-44E4-AD2F-2D810F0751E4}.Release|Any CPU.Build.0 = Release|Any CPU
		{92DABE57-D761-45E9-B0AB-0E628FFD8D64}.Debug|Any CPU.ActiveCfg = Debug|Any CPU
		{92DABE57-D761-45E9-B0AB-0E628FFD8D64}.Debug|Any CPU.Build.0 = Debug|Any CPU
		{92DABE57-D761-45E9-B0AB-0E628FFD8D64}.Release|Any CPU.ActiveCfg = Release|Any CPU
		{92DABE57-D761-45E9-B0AB-0E628FFD8D64}.Release|Any CPU.Build.0 = Release|Any CPU
		{7B1D2D85-5046-40E7-84D2-58D7C32275E2}.Debug|Any CPU.ActiveCfg = Debug|Any CPU
		{7B1D2D85-5046-40E7-84D2-58D7C32275E2}.Debug|Any CPU.Build.0 = Debug|Any CPU
		{7B1D2D85-5046-40E7-84D2-58D7C32275E2}.Release|Any CPU.ActiveCfg = Release|Any CPU
		{7B1D2D85-5046-40E7-84D2-58D7C32275E2}.Release|Any CPU.Build.0 = Release|Any CPU
		{2C4B62B9-9DCA-4DE7-9F9B-ED75C4C23B03}.Debug|Any CPU.ActiveCfg = Debug|Any CPU
		{2C4B62B9-9DCA-4DE7-9F9B-ED75C4C23B03}.Debug|Any CPU.Build.0 = Debug|Any CPU
		{2C4B62B9-9DCA-4DE7-9F9B-ED75C4C23B03}.Release|Any CPU.ActiveCfg = Release|Any CPU
		{2C4B62B9-9DCA-4DE7-9F9B-ED75C4C23B03}.Release|Any CPU.Build.0 = Release|Any CPU
		{7988A1B1-8B54-40F3-9578-FBB46FA64DC2}.Debug|Any CPU.ActiveCfg = Debug|Any CPU
		{7988A1B1-8B54-40F3-9578-FBB46FA64DC2}.Debug|Any CPU.Build.0 = Debug|Any CPU
		{7988A1B1-8B54-40F3-9578-FBB46FA64DC2}.Release|Any CPU.ActiveCfg = Release|Any CPU
		{7988A1B1-8B54-40F3-9578-FBB46FA64DC2}.Release|Any CPU.Build.0 = Release|Any CPU
		{FCFE9441-61E0-45A4-8E5A-A2F8CD3AF441}.Debug|Any CPU.ActiveCfg = Debug|Any CPU
		{FCFE9441-61E0-45A4-8E5A-A2F8CD3AF441}.Debug|Any CPU.Build.0 = Debug|Any CPU
		{FCFE9441-61E0-45A4-8E5A-A2F8CD3AF441}.Release|Any CPU.ActiveCfg = Release|Any CPU
		{FCFE9441-61E0-45A4-8E5A-A2F8CD3AF441}.Release|Any CPU.Build.0 = Release|Any CPU
		{F8A061C2-2B60-4237-B479-C33702172BBA}.Debug|Any CPU.ActiveCfg = Debug|Any CPU
		{F8A061C2-2B60-4237-B479-C33702172BBA}.Debug|Any CPU.Build.0 = Debug|Any CPU
		{F8A061C2-2B60-4237-B479-C33702172BBA}.Release|Any CPU.ActiveCfg = Release|Any CPU
		{F8A061C2-2B60-4237-B479-C33702172BBA}.Release|Any CPU.Build.0 = Release|Any CPU
		{0EA5D35C-28C7-4FAA-BE73-FC0F471C49E3}.Debug|Any CPU.ActiveCfg = Debug|Any CPU
		{0EA5D35C-28C7-4FAA-BE73-FC0F471C49E3}.Debug|Any CPU.Build.0 = Debug|Any CPU
		{0EA5D35C-28C7-4FAA-BE73-FC0F471C49E3}.Release|Any CPU.ActiveCfg = Release|Any CPU
		{0EA5D35C-28C7-4FAA-BE73-FC0F471C49E3}.Release|Any CPU.Build.0 = Release|Any CPU
		{8EDF4429-251A-416D-BB68-93F227191BCF}.Debug|Any CPU.ActiveCfg = Debug|Any CPU
		{8EDF4429-251A-416D-BB68-93F227191BCF}.Debug|Any CPU.Build.0 = Debug|Any CPU
		{8EDF4429-251A-416D-BB68-93F227191BCF}.Release|Any CPU.ActiveCfg = Release|Any CPU
		{8EDF4429-251A-416D-BB68-93F227191BCF}.Release|Any CPU.Build.0 = Release|Any CPU
		{E8F3B873-05BC-4961-A02D-AD1C025246E3}.Debug|Any CPU.ActiveCfg = Debug|Any CPU
		{E8F3B873-05BC-4961-A02D-AD1C025246E3}.Debug|Any CPU.Build.0 = Debug|Any CPU
		{E8F3B873-05BC-4961-A02D-AD1C025246E3}.Release|Any CPU.ActiveCfg = Release|Any CPU
		{E8F3B873-05BC-4961-A02D-AD1C025246E3}.Release|Any CPU.Build.0 = Release|Any CPU
		{D0375FD1-CBC6-44E2-91ED-FA0BEA30DE9A}.Debug|Any CPU.ActiveCfg = Debug|Any CPU
		{D0375FD1-CBC6-44E2-91ED-FA0BEA30DE9A}.Debug|Any CPU.Build.0 = Debug|Any CPU
		{D0375FD1-CBC6-44E2-91ED-FA0BEA30DE9A}.Release|Any CPU.ActiveCfg = Release|Any CPU
		{D0375FD1-CBC6-44E2-91ED-FA0BEA30DE9A}.Release|Any CPU.Build.0 = Release|Any CPU
	EndGlobalSection
	GlobalSection(SolutionProperties) = preSolution
		HideSolutionNode = FALSE
	EndGlobalSection
	GlobalSection(NestedProjects) = preSolution
		{9CFC6221-753E-4674-B0DA-B085D8DF82A5} = {0B1E3E3B-95AD-4427-9235-879A65DEE41F}
		{64DF1990-C4D3-456D-BB0E-EBFBCAA8A218} = {0B1E3E3B-95AD-4427-9235-879A65DEE41F}
		{B6ADCAB7-BD3A-4498-B8CD-690CFFC925B3} = {5A530614-F36B-42AD-8C67-2F9987C95729}
		{0B1E3E3B-95AD-4427-9235-879A65DEE41F} = {5A530614-F36B-42AD-8C67-2F9987C95729}
		{1D789CB1-D87D-44BE-A9AA-EADAF1816A6B} = {F133496B-23D3-4A95-B516-BF981373A881}
		{28DAC5B1-A423-49F9-8640-BD8020953562} = {F133496B-23D3-4A95-B516-BF981373A881}
		{854D8526-8E8C-4A32-BC49-4D224EA9D2B7} = {0B1E3E3B-95AD-4427-9235-879A65DEE41F}
		{8450FFD3-39AA-4139-9054-209928A72224} = {0B1E3E3B-95AD-4427-9235-879A65DEE41F}
		{E8CCE684-0FB2-4B05-8FD3-2CF0A873D66A} = {0B1E3E3B-95AD-4427-9235-879A65DEE41F}
		{55704BF0-3ED6-4D2E-A2A5-59F4A487733D} = {1D789CB1-D87D-44BE-A9AA-EADAF1816A6B}
		{0C1ABF50-3854-44E4-AD2F-2D810F0751E4} = {1D789CB1-D87D-44BE-A9AA-EADAF1816A6B}
		{92DABE57-D761-45E9-B0AB-0E628FFD8D64} = {1D789CB1-D87D-44BE-A9AA-EADAF1816A6B}
		{7B1D2D85-5046-40E7-84D2-58D7C32275E2} = {1D789CB1-D87D-44BE-A9AA-EADAF1816A6B}
		{2C4B62B9-9DCA-4DE7-9F9B-ED75C4C23B03} = {1D789CB1-D87D-44BE-A9AA-EADAF1816A6B}
		{7988A1B1-8B54-40F3-9578-FBB46FA64DC2} = {0B1E3E3B-95AD-4427-9235-879A65DEE41F}
		{FCFE9441-61E0-45A4-8E5A-A2F8CD3AF441} = {0B1E3E3B-95AD-4427-9235-879A65DEE41F}
		{F8A061C2-2B60-4237-B479-C33702172BBA} = {1D789CB1-D87D-44BE-A9AA-EADAF1816A6B}
		{0EA5D35C-28C7-4FAA-BE73-FC0F471C49E3} = {0B1E3E3B-95AD-4427-9235-879A65DEE41F}
		{8EDF4429-251A-416D-BB68-93F227191BCF} = {F133496B-23D3-4A95-B516-BF981373A881}
		{E8F3B873-05BC-4961-A02D-AD1C025246E3} = {0B1E3E3B-95AD-4427-9235-879A65DEE41F}
		{D0375FD1-CBC6-44E2-91ED-FA0BEA30DE9A} = {0B1E3E3B-95AD-4427-9235-879A65DEE41F}
	EndGlobalSection
EndGlobal
