
Microsoft Visual Studio Solution File, Format Version 12.00
# Visual Studio 14
VisualStudioVersion = 14.0.24720.0
MinimumVisualStudioVersion = 10.0.40219.1
Project("{FAE04EC0-301F-11D3-BF4B-00C04F79EFBC}") = "SharpUtility.BackgroundWorker", "src\net45\SharpUtility.PCLBackgroundWorker\SharpUtility.BackgroundWorker\SharpUtility.BackgroundWorker.csproj", "{3BDED817-FF89-4BDB-A353-E4F4ACF5DE30}"
EndProject
Project("{2150E333-8FDC-42A3-9474-1A3956D46DE8}") = "src", "src", "{4D7951CB-7FDB-4B9B-95ED-98E7224E30E8}"
EndProject
Project("{2150E333-8FDC-42A3-9474-1A3956D46DE8}") = "net45", "net45", "{DC232601-049E-44FE-B092-9BBBFC53FE18}"
EndProject
Project("{2150E333-8FDC-42A3-9474-1A3956D46DE8}") = "tests", "tests", "{2B1971EB-559B-4D64-9076-D20E4CC13BA1}"
EndProject
Project("{FAE04EC0-301F-11D3-BF4B-00C04F79EFBC}") = "SharpUtility.BackgroundWorker.Droid", "src\net45\SharpUtility.PCLBackgroundWorker\SharpUtility.BackgroundWorker.Droid\SharpUtility.BackgroundWorker.Droid.csproj", "{F0AE97DA-C4FA-4DDC-B901-367C2461A66C}"
EndProject
Project("{FAE04EC0-301F-11D3-BF4B-00C04F79EFBC}") = "SharpUtility.BackgroundWorker.iOS", "src\net45\SharpUtility.PCLBackgroundWorker\SharpUtility.BackgroundWorker.iOS\SharpUtility.BackgroundWorker.iOS.csproj", "{470DB552-48CB-4784-91AA-49A5BEF58C49}"
EndProject
Project("{FAE04EC0-301F-11D3-BF4B-00C04F79EFBC}") = "SharpUtility.BackgroundWorker.Tests", "tests\BackgroundWorker\SharpUtility.BackgroundWorker.Tests\SharpUtility.BackgroundWorker.Tests.csproj", "{8EDF4429-251A-416D-BB68-93F227191BCF}"
EndProject
Project("{FAE04EC0-301F-11D3-BF4B-00C04F79EFBC}") = "SharpUtility.BackgroundWorker.PCL", "tests\BackgroundWorker\SharpUtility.BackgroundWorker.PCL\SharpUtility.BackgroundWorker.PCL.csproj", "{67F9D3A8-F71E-4428-913F-C37AE82CDB24}"
EndProject
Project("{FAE04EC0-301F-11D3-BF4B-00C04F79EFBC}") = "SharpUtility.BackgroundWorker.Droid.Tests", "tests\BackgroundWorker\SharpUtility.BackgroundWorker.Droid.Tests\SharpUtility.BackgroundWorker.Droid.Tests.csproj", "{AD7B78B0-AE51-4FB7-9B11-4E22A2B538CA}"
EndProject
Project("{FAE04EC0-301F-11D3-BF4B-00C04F79EFBC}") = "SharpUtility.BackgroundWorker.Core", "src\net45\SharpUtility.PCLBackgroundWorker\SharpUtility.BackgroundWorker\SharpUtility.BackgroundWorker.Core\SharpUtility.BackgroundWorker.Core.csproj", "{E45E0E9A-F9E6-4FC2-A374-FAA1E972CA26}"
EndProject
Global
	GlobalSection(SolutionConfigurationPlatforms) = preSolution
		Ad-Hoc|Any CPU = Ad-Hoc|Any CPU
		Ad-Hoc|iPhone = Ad-Hoc|iPhone
		Ad-Hoc|iPhoneSimulator = Ad-Hoc|iPhoneSimulator
		AppStore|Any CPU = AppStore|Any CPU
		AppStore|iPhone = AppStore|iPhone
		AppStore|iPhoneSimulator = AppStore|iPhoneSimulator
		Debug|Any CPU = Debug|Any CPU
		Debug|iPhone = Debug|iPhone
		Debug|iPhoneSimulator = Debug|iPhoneSimulator
		Release|Any CPU = Release|Any CPU
		Release|iPhone = Release|iPhone
		Release|iPhoneSimulator = Release|iPhoneSimulator
	EndGlobalSection
	GlobalSection(ProjectConfigurationPlatforms) = postSolution
		{3BDED817-FF89-4BDB-A353-E4F4ACF5DE30}.Ad-Hoc|Any CPU.ActiveCfg = Release|Any CPU
		{3BDED817-FF89-4BDB-A353-E4F4ACF5DE30}.Ad-Hoc|Any CPU.Build.0 = Release|Any CPU
		{3BDED817-FF89-4BDB-A353-E4F4ACF5DE30}.Ad-Hoc|iPhone.ActiveCfg = Release|Any CPU
		{3BDED817-FF89-4BDB-A353-E4F4ACF5DE30}.Ad-Hoc|iPhone.Build.0 = Release|Any CPU
		{3BDED817-FF89-4BDB-A353-E4F4ACF5DE30}.Ad-Hoc|iPhoneSimulator.ActiveCfg = Release|Any CPU
		{3BDED817-FF89-4BDB-A353-E4F4ACF5DE30}.Ad-Hoc|iPhoneSimulator.Build.0 = Release|Any CPU
		{3BDED817-FF89-4BDB-A353-E4F4ACF5DE30}.AppStore|Any CPU.ActiveCfg = Release|Any CPU
		{3BDED817-FF89-4BDB-A353-E4F4ACF5DE30}.AppStore|Any CPU.Build.0 = Release|Any CPU
		{3BDED817-FF89-4BDB-A353-E4F4ACF5DE30}.AppStore|iPhone.ActiveCfg = Release|Any CPU
		{3BDED817-FF89-4BDB-A353-E4F4ACF5DE30}.AppStore|iPhone.Build.0 = Release|Any CPU
		{3BDED817-FF89-4BDB-A353-E4F4ACF5DE30}.AppStore|iPhoneSimulator.ActiveCfg = Release|Any CPU
		{3BDED817-FF89-4BDB-A353-E4F4ACF5DE30}.AppStore|iPhoneSimulator.Build.0 = Release|Any CPU
		{3BDED817-FF89-4BDB-A353-E4F4ACF5DE30}.Debug|Any CPU.ActiveCfg = Debug|Any CPU
		{3BDED817-FF89-4BDB-A353-E4F4ACF5DE30}.Debug|Any CPU.Build.0 = Debug|Any CPU
		{3BDED817-FF89-4BDB-A353-E4F4ACF5DE30}.Debug|iPhone.ActiveCfg = Debug|Any CPU
		{3BDED817-FF89-4BDB-A353-E4F4ACF5DE30}.Debug|iPhone.Build.0 = Debug|Any CPU
		{3BDED817-FF89-4BDB-A353-E4F4ACF5DE30}.Debug|iPhoneSimulator.ActiveCfg = Debug|Any CPU
		{3BDED817-FF89-4BDB-A353-E4F4ACF5DE30}.Debug|iPhoneSimulator.Build.0 = Debug|Any CPU
		{3BDED817-FF89-4BDB-A353-E4F4ACF5DE30}.Release|Any CPU.ActiveCfg = Release|Any CPU
		{3BDED817-FF89-4BDB-A353-E4F4ACF5DE30}.Release|Any CPU.Build.0 = Release|Any CPU
		{3BDED817-FF89-4BDB-A353-E4F4ACF5DE30}.Release|iPhone.ActiveCfg = Release|Any CPU
		{3BDED817-FF89-4BDB-A353-E4F4ACF5DE30}.Release|iPhone.Build.0 = Release|Any CPU
		{3BDED817-FF89-4BDB-A353-E4F4ACF5DE30}.Release|iPhoneSimulator.ActiveCfg = Release|Any CPU
		{3BDED817-FF89-4BDB-A353-E4F4ACF5DE30}.Release|iPhoneSimulator.Build.0 = Release|Any CPU
		{F0AE97DA-C4FA-4DDC-B901-367C2461A66C}.Ad-Hoc|Any CPU.ActiveCfg = Release|Any CPU
		{F0AE97DA-C4FA-4DDC-B901-367C2461A66C}.Ad-Hoc|Any CPU.Build.0 = Release|Any CPU
		{F0AE97DA-C4FA-4DDC-B901-367C2461A66C}.Ad-Hoc|iPhone.ActiveCfg = Release|Any CPU
		{F0AE97DA-C4FA-4DDC-B901-367C2461A66C}.Ad-Hoc|iPhone.Build.0 = Release|Any CPU
		{F0AE97DA-C4FA-4DDC-B901-367C2461A66C}.Ad-Hoc|iPhoneSimulator.ActiveCfg = Release|Any CPU
		{F0AE97DA-C4FA-4DDC-B901-367C2461A66C}.Ad-Hoc|iPhoneSimulator.Build.0 = Release|Any CPU
		{F0AE97DA-C4FA-4DDC-B901-367C2461A66C}.AppStore|Any CPU.ActiveCfg = Release|Any CPU
		{F0AE97DA-C4FA-4DDC-B901-367C2461A66C}.AppStore|Any CPU.Build.0 = Release|Any CPU
		{F0AE97DA-C4FA-4DDC-B901-367C2461A66C}.AppStore|iPhone.ActiveCfg = Release|Any CPU
		{F0AE97DA-C4FA-4DDC-B901-367C2461A66C}.AppStore|iPhone.Build.0 = Release|Any CPU
		{F0AE97DA-C4FA-4DDC-B901-367C2461A66C}.AppStore|iPhoneSimulator.ActiveCfg = Release|Any CPU
		{F0AE97DA-C4FA-4DDC-B901-367C2461A66C}.AppStore|iPhoneSimulator.Build.0 = Release|Any CPU
		{F0AE97DA-C4FA-4DDC-B901-367C2461A66C}.Debug|Any CPU.ActiveCfg = Debug|Any CPU
		{F0AE97DA-C4FA-4DDC-B901-367C2461A66C}.Debug|Any CPU.Build.0 = Debug|Any CPU
		{F0AE97DA-C4FA-4DDC-B901-367C2461A66C}.Debug|iPhone.ActiveCfg = Debug|Any CPU
		{F0AE97DA-C4FA-4DDC-B901-367C2461A66C}.Debug|iPhone.Build.0 = Debug|Any CPU
		{F0AE97DA-C4FA-4DDC-B901-367C2461A66C}.Debug|iPhoneSimulator.ActiveCfg = Debug|Any CPU
		{F0AE97DA-C4FA-4DDC-B901-367C2461A66C}.Debug|iPhoneSimulator.Build.0 = Debug|Any CPU
		{F0AE97DA-C4FA-4DDC-B901-367C2461A66C}.Release|Any CPU.ActiveCfg = Release|Any CPU
		{F0AE97DA-C4FA-4DDC-B901-367C2461A66C}.Release|Any CPU.Build.0 = Release|Any CPU
		{F0AE97DA-C4FA-4DDC-B901-367C2461A66C}.Release|iPhone.ActiveCfg = Release|Any CPU
		{F0AE97DA-C4FA-4DDC-B901-367C2461A66C}.Release|iPhone.Build.0 = Release|Any CPU
		{F0AE97DA-C4FA-4DDC-B901-367C2461A66C}.Release|iPhoneSimulator.ActiveCfg = Release|Any CPU
		{F0AE97DA-C4FA-4DDC-B901-367C2461A66C}.Release|iPhoneSimulator.Build.0 = Release|Any CPU
		{470DB552-48CB-4784-91AA-49A5BEF58C49}.Ad-Hoc|Any CPU.ActiveCfg = AppStore|Any CPU
		{470DB552-48CB-4784-91AA-49A5BEF58C49}.Ad-Hoc|Any CPU.Build.0 = AppStore|Any CPU
		{470DB552-48CB-4784-91AA-49A5BEF58C49}.Ad-Hoc|iPhone.ActiveCfg = AppStore|Any CPU
		{470DB552-48CB-4784-91AA-49A5BEF58C49}.Ad-Hoc|iPhone.Build.0 = AppStore|Any CPU
		{470DB552-48CB-4784-91AA-49A5BEF58C49}.Ad-Hoc|iPhoneSimulator.ActiveCfg = AppStore|Any CPU
		{470DB552-48CB-4784-91AA-49A5BEF58C49}.Ad-Hoc|iPhoneSimulator.Build.0 = AppStore|Any CPU
		{470DB552-48CB-4784-91AA-49A5BEF58C49}.AppStore|Any CPU.ActiveCfg = AppStore|Any CPU
		{470DB552-48CB-4784-91AA-49A5BEF58C49}.AppStore|Any CPU.Build.0 = AppStore|Any CPU
		{470DB552-48CB-4784-91AA-49A5BEF58C49}.AppStore|iPhone.ActiveCfg = AppStore|Any CPU
		{470DB552-48CB-4784-91AA-49A5BEF58C49}.AppStore|iPhone.Build.0 = AppStore|Any CPU
		{470DB552-48CB-4784-91AA-49A5BEF58C49}.AppStore|iPhoneSimulator.ActiveCfg = AppStore|Any CPU
		{470DB552-48CB-4784-91AA-49A5BEF58C49}.AppStore|iPhoneSimulator.Build.0 = AppStore|Any CPU
		{470DB552-48CB-4784-91AA-49A5BEF58C49}.Debug|Any CPU.ActiveCfg = Debug|Any CPU
		{470DB552-48CB-4784-91AA-49A5BEF58C49}.Debug|Any CPU.Build.0 = Debug|Any CPU
		{470DB552-48CB-4784-91AA-49A5BEF58C49}.Debug|iPhone.ActiveCfg = Debug|Any CPU
		{470DB552-48CB-4784-91AA-49A5BEF58C49}.Debug|iPhone.Build.0 = Debug|Any CPU
		{470DB552-48CB-4784-91AA-49A5BEF58C49}.Debug|iPhoneSimulator.ActiveCfg = Debug|Any CPU
		{470DB552-48CB-4784-91AA-49A5BEF58C49}.Debug|iPhoneSimulator.Build.0 = Debug|Any CPU
		{470DB552-48CB-4784-91AA-49A5BEF58C49}.Release|Any CPU.ActiveCfg = Release|Any CPU
		{470DB552-48CB-4784-91AA-49A5BEF58C49}.Release|Any CPU.Build.0 = Release|Any CPU
		{470DB552-48CB-4784-91AA-49A5BEF58C49}.Release|iPhone.ActiveCfg = Release|Any CPU
		{470DB552-48CB-4784-91AA-49A5BEF58C49}.Release|iPhone.Build.0 = Release|Any CPU
		{470DB552-48CB-4784-91AA-49A5BEF58C49}.Release|iPhoneSimulator.ActiveCfg = Release|Any CPU
		{470DB552-48CB-4784-91AA-49A5BEF58C49}.Release|iPhoneSimulator.Build.0 = Release|Any CPU
		{8EDF4429-251A-416D-BB68-93F227191BCF}.Ad-Hoc|Any CPU.ActiveCfg = Release|Any CPU
		{8EDF4429-251A-416D-BB68-93F227191BCF}.Ad-Hoc|Any CPU.Build.0 = Release|Any CPU
		{8EDF4429-251A-416D-BB68-93F227191BCF}.Ad-Hoc|iPhone.ActiveCfg = Release|Any CPU
		{8EDF4429-251A-416D-BB68-93F227191BCF}.Ad-Hoc|iPhone.Build.0 = Release|Any CPU
		{8EDF4429-251A-416D-BB68-93F227191BCF}.Ad-Hoc|iPhoneSimulator.ActiveCfg = Release|Any CPU
		{8EDF4429-251A-416D-BB68-93F227191BCF}.Ad-Hoc|iPhoneSimulator.Build.0 = Release|Any CPU
		{8EDF4429-251A-416D-BB68-93F227191BCF}.AppStore|Any CPU.ActiveCfg = Release|Any CPU
		{8EDF4429-251A-416D-BB68-93F227191BCF}.AppStore|Any CPU.Build.0 = Release|Any CPU
		{8EDF4429-251A-416D-BB68-93F227191BCF}.AppStore|iPhone.ActiveCfg = Release|Any CPU
		{8EDF4429-251A-416D-BB68-93F227191BCF}.AppStore|iPhone.Build.0 = Release|Any CPU
		{8EDF4429-251A-416D-BB68-93F227191BCF}.AppStore|iPhoneSimulator.ActiveCfg = Release|Any CPU
		{8EDF4429-251A-416D-BB68-93F227191BCF}.AppStore|iPhoneSimulator.Build.0 = Release|Any CPU
		{8EDF4429-251A-416D-BB68-93F227191BCF}.Debug|Any CPU.ActiveCfg = Debug|Any CPU
		{8EDF4429-251A-416D-BB68-93F227191BCF}.Debug|Any CPU.Build.0 = Debug|Any CPU
		{8EDF4429-251A-416D-BB68-93F227191BCF}.Debug|iPhone.ActiveCfg = Debug|Any CPU
		{8EDF4429-251A-416D-BB68-93F227191BCF}.Debug|iPhone.Build.0 = Debug|Any CPU
		{8EDF4429-251A-416D-BB68-93F227191BCF}.Debug|iPhoneSimulator.ActiveCfg = Debug|Any CPU
		{8EDF4429-251A-416D-BB68-93F227191BCF}.Debug|iPhoneSimulator.Build.0 = Debug|Any CPU
		{8EDF4429-251A-416D-BB68-93F227191BCF}.Release|Any CPU.ActiveCfg = Release|Any CPU
		{8EDF4429-251A-416D-BB68-93F227191BCF}.Release|Any CPU.Build.0 = Release|Any CPU
		{8EDF4429-251A-416D-BB68-93F227191BCF}.Release|iPhone.ActiveCfg = Release|Any CPU
		{8EDF4429-251A-416D-BB68-93F227191BCF}.Release|iPhone.Build.0 = Release|Any CPU
		{8EDF4429-251A-416D-BB68-93F227191BCF}.Release|iPhoneSimulator.ActiveCfg = Release|Any CPU
		{8EDF4429-251A-416D-BB68-93F227191BCF}.Release|iPhoneSimulator.Build.0 = Release|Any CPU
		{67F9D3A8-F71E-4428-913F-C37AE82CDB24}.Ad-Hoc|Any CPU.ActiveCfg = Release|Any CPU
		{67F9D3A8-F71E-4428-913F-C37AE82CDB24}.Ad-Hoc|Any CPU.Build.0 = Release|Any CPU
		{67F9D3A8-F71E-4428-913F-C37AE82CDB24}.Ad-Hoc|iPhone.ActiveCfg = Release|Any CPU
		{67F9D3A8-F71E-4428-913F-C37AE82CDB24}.Ad-Hoc|iPhone.Build.0 = Release|Any CPU
		{67F9D3A8-F71E-4428-913F-C37AE82CDB24}.Ad-Hoc|iPhoneSimulator.ActiveCfg = Release|Any CPU
		{67F9D3A8-F71E-4428-913F-C37AE82CDB24}.Ad-Hoc|iPhoneSimulator.Build.0 = Release|Any CPU
		{67F9D3A8-F71E-4428-913F-C37AE82CDB24}.AppStore|Any CPU.ActiveCfg = Release|Any CPU
		{67F9D3A8-F71E-4428-913F-C37AE82CDB24}.AppStore|Any CPU.Build.0 = Release|Any CPU
		{67F9D3A8-F71E-4428-913F-C37AE82CDB24}.AppStore|iPhone.ActiveCfg = Release|Any CPU
		{67F9D3A8-F71E-4428-913F-C37AE82CDB24}.AppStore|iPhone.Build.0 = Release|Any CPU
		{67F9D3A8-F71E-4428-913F-C37AE82CDB24}.AppStore|iPhoneSimulator.ActiveCfg = Release|Any CPU
		{67F9D3A8-F71E-4428-913F-C37AE82CDB24}.AppStore|iPhoneSimulator.Build.0 = Release|Any CPU
		{67F9D3A8-F71E-4428-913F-C37AE82CDB24}.Debug|Any CPU.ActiveCfg = Debug|Any CPU
		{67F9D3A8-F71E-4428-913F-C37AE82CDB24}.Debug|Any CPU.Build.0 = Debug|Any CPU
		{67F9D3A8-F71E-4428-913F-C37AE82CDB24}.Debug|iPhone.ActiveCfg = Debug|Any CPU
		{67F9D3A8-F71E-4428-913F-C37AE82CDB24}.Debug|iPhone.Build.0 = Debug|Any CPU
		{67F9D3A8-F71E-4428-913F-C37AE82CDB24}.Debug|iPhoneSimulator.ActiveCfg = Debug|Any CPU
		{67F9D3A8-F71E-4428-913F-C37AE82CDB24}.Debug|iPhoneSimulator.Build.0 = Debug|Any CPU
		{67F9D3A8-F71E-4428-913F-C37AE82CDB24}.Release|Any CPU.ActiveCfg = Release|Any CPU
		{67F9D3A8-F71E-4428-913F-C37AE82CDB24}.Release|Any CPU.Build.0 = Release|Any CPU
		{67F9D3A8-F71E-4428-913F-C37AE82CDB24}.Release|iPhone.ActiveCfg = Release|Any CPU
		{67F9D3A8-F71E-4428-913F-C37AE82CDB24}.Release|iPhone.Build.0 = Release|Any CPU
		{67F9D3A8-F71E-4428-913F-C37AE82CDB24}.Release|iPhoneSimulator.ActiveCfg = Release|Any CPU
		{67F9D3A8-F71E-4428-913F-C37AE82CDB24}.Release|iPhoneSimulator.Build.0 = Release|Any CPU
		{AD7B78B0-AE51-4FB7-9B11-4E22A2B538CA}.Ad-Hoc|Any CPU.ActiveCfg = Release|Any CPU
		{AD7B78B0-AE51-4FB7-9B11-4E22A2B538CA}.Ad-Hoc|Any CPU.Build.0 = Release|Any CPU
		{AD7B78B0-AE51-4FB7-9B11-4E22A2B538CA}.Ad-Hoc|Any CPU.Deploy.0 = Release|Any CPU
		{AD7B78B0-AE51-4FB7-9B11-4E22A2B538CA}.Ad-Hoc|iPhone.ActiveCfg = Release|Any CPU
		{AD7B78B0-AE51-4FB7-9B11-4E22A2B538CA}.Ad-Hoc|iPhone.Build.0 = Release|Any CPU
		{AD7B78B0-AE51-4FB7-9B11-4E22A2B538CA}.Ad-Hoc|iPhone.Deploy.0 = Release|Any CPU
		{AD7B78B0-AE51-4FB7-9B11-4E22A2B538CA}.Ad-Hoc|iPhoneSimulator.ActiveCfg = Release|Any CPU
		{AD7B78B0-AE51-4FB7-9B11-4E22A2B538CA}.Ad-Hoc|iPhoneSimulator.Build.0 = Release|Any CPU
		{AD7B78B0-AE51-4FB7-9B11-4E22A2B538CA}.Ad-Hoc|iPhoneSimulator.Deploy.0 = Release|Any CPU
		{AD7B78B0-AE51-4FB7-9B11-4E22A2B538CA}.AppStore|Any CPU.ActiveCfg = Release|Any CPU
		{AD7B78B0-AE51-4FB7-9B11-4E22A2B538CA}.AppStore|Any CPU.Build.0 = Release|Any CPU
		{AD7B78B0-AE51-4FB7-9B11-4E22A2B538CA}.AppStore|Any CPU.Deploy.0 = Release|Any CPU
		{AD7B78B0-AE51-4FB7-9B11-4E22A2B538CA}.AppStore|iPhone.ActiveCfg = Release|Any CPU
		{AD7B78B0-AE51-4FB7-9B11-4E22A2B538CA}.AppStore|iPhone.Build.0 = Release|Any CPU
		{AD7B78B0-AE51-4FB7-9B11-4E22A2B538CA}.AppStore|iPhone.Deploy.0 = Release|Any CPU
		{AD7B78B0-AE51-4FB7-9B11-4E22A2B538CA}.AppStore|iPhoneSimulator.ActiveCfg = Release|Any CPU
		{AD7B78B0-AE51-4FB7-9B11-4E22A2B538CA}.AppStore|iPhoneSimulator.Build.0 = Release|Any CPU
		{AD7B78B0-AE51-4FB7-9B11-4E22A2B538CA}.AppStore|iPhoneSimulator.Deploy.0 = Release|Any CPU
		{AD7B78B0-AE51-4FB7-9B11-4E22A2B538CA}.Debug|Any CPU.ActiveCfg = Debug|Any CPU
		{AD7B78B0-AE51-4FB7-9B11-4E22A2B538CA}.Debug|Any CPU.Build.0 = Debug|Any CPU
		{AD7B78B0-AE51-4FB7-9B11-4E22A2B538CA}.Debug|Any CPU.Deploy.0 = Debug|Any CPU
		{AD7B78B0-AE51-4FB7-9B11-4E22A2B538CA}.Debug|iPhone.ActiveCfg = Debug|Any CPU
		{AD7B78B0-AE51-4FB7-9B11-4E22A2B538CA}.Debug|iPhone.Build.0 = Debug|Any CPU
		{AD7B78B0-AE51-4FB7-9B11-4E22A2B538CA}.Debug|iPhone.Deploy.0 = Debug|Any CPU
		{AD7B78B0-AE51-4FB7-9B11-4E22A2B538CA}.Debug|iPhoneSimulator.ActiveCfg = Debug|Any CPU
		{AD7B78B0-AE51-4FB7-9B11-4E22A2B538CA}.Debug|iPhoneSimulator.Build.0 = Debug|Any CPU
		{AD7B78B0-AE51-4FB7-9B11-4E22A2B538CA}.Debug|iPhoneSimulator.Deploy.0 = Debug|Any CPU
		{AD7B78B0-AE51-4FB7-9B11-4E22A2B538CA}.Release|Any CPU.ActiveCfg = Release|Any CPU
		{AD7B78B0-AE51-4FB7-9B11-4E22A2B538CA}.Release|Any CPU.Build.0 = Release|Any CPU
		{AD7B78B0-AE51-4FB7-9B11-4E22A2B538CA}.Release|Any CPU.Deploy.0 = Release|Any CPU
		{AD7B78B0-AE51-4FB7-9B11-4E22A2B538CA}.Release|iPhone.ActiveCfg = Release|Any CPU
		{AD7B78B0-AE51-4FB7-9B11-4E22A2B538CA}.Release|iPhone.Build.0 = Release|Any CPU
		{AD7B78B0-AE51-4FB7-9B11-4E22A2B538CA}.Release|iPhone.Deploy.0 = Release|Any CPU
		{AD7B78B0-AE51-4FB7-9B11-4E22A2B538CA}.Release|iPhoneSimulator.ActiveCfg = Release|Any CPU
		{AD7B78B0-AE51-4FB7-9B11-4E22A2B538CA}.Release|iPhoneSimulator.Build.0 = Release|Any CPU
		{AD7B78B0-AE51-4FB7-9B11-4E22A2B538CA}.Release|iPhoneSimulator.Deploy.0 = Release|Any CPU
		{E45E0E9A-F9E6-4FC2-A374-FAA1E972CA26}.Ad-Hoc|Any CPU.ActiveCfg = Release|Any CPU
		{E45E0E9A-F9E6-4FC2-A374-FAA1E972CA26}.Ad-Hoc|Any CPU.Build.0 = Release|Any CPU
		{E45E0E9A-F9E6-4FC2-A374-FAA1E972CA26}.Ad-Hoc|iPhone.ActiveCfg = Release|Any CPU
		{E45E0E9A-F9E6-4FC2-A374-FAA1E972CA26}.Ad-Hoc|iPhone.Build.0 = Release|Any CPU
		{E45E0E9A-F9E6-4FC2-A374-FAA1E972CA26}.Ad-Hoc|iPhoneSimulator.ActiveCfg = Release|Any CPU
		{E45E0E9A-F9E6-4FC2-A374-FAA1E972CA26}.Ad-Hoc|iPhoneSimulator.Build.0 = Release|Any CPU
		{E45E0E9A-F9E6-4FC2-A374-FAA1E972CA26}.AppStore|Any CPU.ActiveCfg = Release|Any CPU
		{E45E0E9A-F9E6-4FC2-A374-FAA1E972CA26}.AppStore|Any CPU.Build.0 = Release|Any CPU
		{E45E0E9A-F9E6-4FC2-A374-FAA1E972CA26}.AppStore|iPhone.ActiveCfg = Release|Any CPU
		{E45E0E9A-F9E6-4FC2-A374-FAA1E972CA26}.AppStore|iPhone.Build.0 = Release|Any CPU
		{E45E0E9A-F9E6-4FC2-A374-FAA1E972CA26}.AppStore|iPhoneSimulator.ActiveCfg = Release|Any CPU
		{E45E0E9A-F9E6-4FC2-A374-FAA1E972CA26}.AppStore|iPhoneSimulator.Build.0 = Release|Any CPU
		{E45E0E9A-F9E6-4FC2-A374-FAA1E972CA26}.Debug|Any CPU.ActiveCfg = Debug|Any CPU
		{E45E0E9A-F9E6-4FC2-A374-FAA1E972CA26}.Debug|Any CPU.Build.0 = Debug|Any CPU
		{E45E0E9A-F9E6-4FC2-A374-FAA1E972CA26}.Debug|iPhone.ActiveCfg = Debug|Any CPU
		{E45E0E9A-F9E6-4FC2-A374-FAA1E972CA26}.Debug|iPhone.Build.0 = Debug|Any CPU
		{E45E0E9A-F9E6-4FC2-A374-FAA1E972CA26}.Debug|iPhoneSimulator.ActiveCfg = Debug|Any CPU
		{E45E0E9A-F9E6-4FC2-A374-FAA1E972CA26}.Debug|iPhoneSimulator.Build.0 = Debug|Any CPU
		{E45E0E9A-F9E6-4FC2-A374-FAA1E972CA26}.Release|Any CPU.ActiveCfg = Release|Any CPU
		{E45E0E9A-F9E6-4FC2-A374-FAA1E972CA26}.Release|Any CPU.Build.0 = Release|Any CPU
		{E45E0E9A-F9E6-4FC2-A374-FAA1E972CA26}.Release|iPhone.ActiveCfg = Release|Any CPU
		{E45E0E9A-F9E6-4FC2-A374-FAA1E972CA26}.Release|iPhone.Build.0 = Release|Any CPU
		{E45E0E9A-F9E6-4FC2-A374-FAA1E972CA26}.Release|iPhoneSimulator.ActiveCfg = Release|Any CPU
		{E45E0E9A-F9E6-4FC2-A374-FAA1E972CA26}.Release|iPhoneSimulator.Build.0 = Release|Any CPU
	EndGlobalSection
	GlobalSection(SolutionProperties) = preSolution
		HideSolutionNode = FALSE
	EndGlobalSection
	GlobalSection(NestedProjects) = preSolution
		{3BDED817-FF89-4BDB-A353-E4F4ACF5DE30} = {DC232601-049E-44FE-B092-9BBBFC53FE18}
		{DC232601-049E-44FE-B092-9BBBFC53FE18} = {4D7951CB-7FDB-4B9B-95ED-98E7224E30E8}
		{F0AE97DA-C4FA-4DDC-B901-367C2461A66C} = {DC232601-049E-44FE-B092-9BBBFC53FE18}
		{470DB552-48CB-4784-91AA-49A5BEF58C49} = {DC232601-049E-44FE-B092-9BBBFC53FE18}
		{8EDF4429-251A-416D-BB68-93F227191BCF} = {2B1971EB-559B-4D64-9076-D20E4CC13BA1}
		{67F9D3A8-F71E-4428-913F-C37AE82CDB24} = {2B1971EB-559B-4D64-9076-D20E4CC13BA1}
		{AD7B78B0-AE51-4FB7-9B11-4E22A2B538CA} = {2B1971EB-559B-4D64-9076-D20E4CC13BA1}
		{E45E0E9A-F9E6-4FC2-A374-FAA1E972CA26} = {DC232601-049E-44FE-B092-9BBBFC53FE18}
	EndGlobalSection
EndGlobal
